
Microsoft Visual Studio Solution File, Format Version 12.00
# Visual Studio Version 17
VisualStudioVersion = 17.0.31903.59
MinimumVisualStudioVersion = 10.0.40219.1
Project("{FAE04EC0-301F-11D3-BF4B-00C04F79EFBC}") = "Z9.Protobuf.Community", "Z9.Protobuf.Community\Z9.Protobuf.Community.csproj", "{13D2B389-CA0C-460E-9F7D-A52A045F9C3E}"
EndProject
Project("{FAE04EC0-301F-11D3-BF4B-00C04F79EFBC}") = "Z9.Protobuf.Community.Test", "Z9.Protobuf.Community.Test\Z9.Protobuf.Community.Test.csproj", "{89D07EDD-AFF5-4D0B-8823-7FC1EA61A2CD}"
EndProject
Global
	GlobalSection(SolutionConfigurationPlatforms) = preSolution
		Debug|Any CPU = Debug|Any CPU
		Debug|x64 = Debug|x64
		Debug|x86 = Debug|x86
		Release|Any CPU = Release|Any CPU
		Release|x64 = Release|x64
		Release|x86 = Release|x86
	EndGlobalSection
	GlobalSection(ProjectConfigurationPlatforms) = postSolution
		{13D2B389-CA0C-460E-9F7D-A52A045F9C3E}.Debug|Any CPU.ActiveCfg = Debug|Any CPU
		{13D2B389-CA0C-460E-9F7D-A52A045F9C3E}.Debug|Any CPU.Build.0 = Debug|Any CPU
		{13D2B389-CA0C-460E-9F7D-A52A045F9C3E}.Debug|x64.ActiveCfg = Debug|Any CPU
		{13D2B389-CA0C-460E-9F7D-A52A045F9C3E}.Debug|x64.Build.0 = Debug|Any CPU
		{13D2B389-CA0C-460E-9F7D-A52A045F9C3E}.Debug|x86.ActiveCfg = Debug|Any CPU
		{13D2B389-CA0C-460E-9F7D-A52A045F9C3E}.Debug|x86.Build.0 = Debug|Any CPU
		{13D2B389-CA0C-460E-9F7D-A52A045F9C3E}.Release|Any CPU.ActiveCfg = Release|Any CPU
		{13D2B389-CA0C-460E-9F7D-A52A045F9C3E}.Release|Any CPU.Build.0 = Release|Any CPU
		{13D2B389-CA0C-460E-9F7D-A52A045F9C3E}.Release|x64.ActiveCfg = Release|Any CPU
		{13D2B389-CA0C-460E-9F7D-A52A045F9C3E}.Release|x64.Build.0 = Release|Any CPU
		{13D2B389-CA0C-460E-9F7D-A52A045F9C3E}.Release|x86.ActiveCfg = Release|Any CPU
		{13D2B389-CA0C-460E-9F7D-A52A045F9C3E}.Release|x86.Build.0 = Release|Any CPU
		{89D07EDD-AFF5-4D0B-8823-7FC1EA61A2CD}.Debug|Any CPU.ActiveCfg = Debug|Any CPU
		{89D07EDD-AFF5-4D0B-8823-7FC1EA61A2CD}.Debug|Any CPU.Build.0 = Debug|Any CPU
		{89D07EDD-AFF5-4D0B-8823-7FC1EA61A2CD}.Debug|x64.ActiveCfg = Debug|Any CPU
		{89D07EDD-AFF5-4D0B-8823-7FC1EA61A2CD}.Debug|x64.Build.0 = Debug|Any CPU
		{89D07EDD-AFF5-4D0B-8823-7FC1EA61A2CD}.Debug|x86.ActiveCfg = Debug|Any CPU
		{89D07EDD-AFF5-4D0B-8823-7FC1EA61A2CD}.Debug|x86.Build.0 = Debug|Any CPU
		{89D07EDD-AFF5-4D0B-8823-7FC1EA61A2CD}.Release|Any CPU.ActiveCfg = Release|Any CPU
		{89D07EDD-AFF5-4D0B-8823-7FC1EA61A2CD}.Release|Any CPU.Build.0 = Release|Any CPU
		{89D07EDD-AFF5-4D0B-8823-7FC1EA61A2CD}.Release|x64.ActiveCfg = Release|Any CPU
		{89D07EDD-AFF5-4D0B-8823-7FC1EA61A2CD}.Release|x64.Build.0 = Release|Any CPU
		{89D07EDD-AFF5-4D0B-8823-7FC1EA61A2CD}.Release|x86.ActiveCfg = Release|Any CPU
		{89D07EDD-AFF5-4D0B-8823-7FC1EA61A2CD}.Release|x86.Build.0 = Release|Any CPU
	EndGlobalSection
	GlobalSection(SolutionProperties) = preSolution
		HideSolutionNode = FALSE
	EndGlobalSection
EndGlobal
